
Microsoft Visual Studio Solution File, Format Version 12.00
# Visual Studio Version 16
VisualStudioVersion = 16.0.30717.126
MinimumVisualStudioVersion = 10.0.40219.1
Project("{9A19103F-16F7-4668-BE54-9A1E7A4F7556}") = "CoreWebTemplate", "CoreWebTemplate\CoreWebTemplate.csproj", "{C217BB68-23DD-4DB6-93E3-FC696FF911E7}"
EndProject
Project("{FAE04EC0-301F-11D3-BF4B-00C04F79EFBC}") = "Tests", "Tests\Tests.csproj", "{E5C5F6F7-78EA-404B-8496-2D88DB9347BE}"
EndProject
Global
	GlobalSection(SolutionConfigurationPlatforms) = preSolution
		Debug|Any CPU = Debug|Any CPU
		Release|Any CPU = Release|Any CPU
	EndGlobalSection
	GlobalSection(ProjectConfigurationPlatforms) = postSolution
		{C217BB68-23DD-4DB6-93E3-FC696FF911E7}.Debug|Any CPU.ActiveCfg = Debug|Any CPU
		{C217BB68-23DD-4DB6-93E3-FC696FF911E7}.Debug|Any CPU.Build.0 = Debug|Any CPU
		{C217BB68-23DD-4DB6-93E3-FC696FF911E7}.Release|Any CPU.ActiveCfg = Release|Any CPU
		{C217BB68-23DD-4DB6-93E3-FC696FF911E7}.Release|Any CPU.Build.0 = Release|Any CPU
		{E5C5F6F7-78EA-404B-8496-2D88DB9347BE}.Debug|Any CPU.ActiveCfg = Debug|Any CPU
		{E5C5F6F7-78EA-404B-8496-2D88DB9347BE}.Debug|Any CPU.Build.0 = Debug|Any CPU
		{E5C5F6F7-78EA-404B-8496-2D88DB9347BE}.Release|Any CPU.ActiveCfg = Release|Any CPU
		{E5C5F6F7-78EA-404B-8496-2D88DB9347BE}.Release|Any CPU.Build.0 = Release|Any CPU
	EndGlobalSection
	GlobalSection(SolutionProperties) = preSolution
		HideSolutionNode = FALSE
	EndGlobalSection
	GlobalSection(ExtensibilityGlobals) = postSolution
		SolutionGuid = {E91095C5-A0C8-40C0-96FC-E515F601BEEE}
		LessCompiler = c217bb68-23dd-4db6-93e3-fc696ff911e7
	EndGlobalSection
EndGlobal
